
Microsoft Visual Studio Solution File, Format Version 12.00
# Visual Studio Version 17
VisualStudioVersion = 17.6.33815.320
MinimumVisualStudioVersion = 10.0.40219.1
Project("{8BC9CEB8-8B4A-11D0-8D11-00A0C91BC942}") = "List", "List.vcxproj", "{ACD2B02F-040E-44DF-9B35-915D94223FC2}"
EndProject
Global
	GlobalSection(SolutionConfigurationPlatforms) = preSolution
		Debug|x64 = Debug|x64
		Debug|x86 = Debug|x86
		Release|x64 = Release|x64
		Release|x86 = Release|x86
	EndGlobalSection
	GlobalSection(ProjectConfigurationPlatforms) = postSolution
		{ACD2B02F-040E-44DF-9B35-915D94223FC2}.Debug|x64.ActiveCfg = Debug|x64
		{ACD2B02F-040E-44DF-9B35-915D94223FC2}.Debug|x64.Build.0 = Debug|x64
		{ACD2B02F-040E-44DF-9B35-915D94223FC2}.Debug|x86.ActiveCfg = Debug|Win32
		{ACD2B02F-040E-44DF-9B35-915D94223FC2}.Debug|x86.Build.0 = Debug|Win32
		{ACD2B02F-040E-44DF-9B35-915D94223FC2}.Release|x64.ActiveCfg = Release|x64
		{ACD2B02F-040E-44DF-9B35-915D94223FC2}.Release|x64.Build.0 = Release|x64
		{ACD2B02F-040E-44DF-9B35-915D94223FC2}.Release|x86.ActiveCfg = Release|Win32
		{ACD2B02F-040E-44DF-9B35-915D94223FC2}.Release|x86.Build.0 = Release|Win32
	EndGlobalSection
	GlobalSection(SolutionProperties) = preSolution
		HideSolutionNode = FALSE
	EndGlobalSection
	GlobalSection(ExtensibilityGlobals) = postSolution
		SolutionGuid = {9CEF4C74-A0EE-4E33-9D3F-EAF85626EBE3}
	EndGlobalSection
EndGlobal
